
Microsoft Visual Studio Solution File, Format Version 12.00
# Visual Studio Version 16
VisualStudioVersion = 16.0.29411.108
MinimumVisualStudioVersion = 10.0.40219.1
Project("{FAE04EC0-301F-11D3-BF4B-00C04F79EFBC}") = "WebAuthenticator", "WebAuthenticator\WebAuthenticator.csproj", "{111BC875-E11B-4718-A371-9275D6D4289A}"
EndProject
Global
	GlobalSection(SolutionConfigurationPlatforms) = preSolution
		Debug|Any CPU = Debug|Any CPU
		Release|Any CPU = Release|Any CPU
	EndGlobalSection
	GlobalSection(ProjectConfigurationPlatforms) = postSolution
		{111BC875-E11B-4718-A371-9275D6D4289A}.Debug|Any CPU.ActiveCfg = Debug|Any CPU
		{111BC875-E11B-4718-A371-9275D6D4289A}.Debug|Any CPU.Build.0 = Debug|Any CPU
		{111BC875-E11B-4718-A371-9275D6D4289A}.Release|Any CPU.ActiveCfg = Release|Any CPU
		{111BC875-E11B-4718-A371-9275D6D4289A}.Release|Any CPU.Build.0 = Release|Any CPU
	EndGlobalSection
	GlobalSection(SolutionProperties) = preSolution
		HideSolutionNode = FALSE
	EndGlobalSection
	GlobalSection(ExtensibilityGlobals) = postSolution
		SolutionGuid = {4A42E7E0-A848-4DFD-A948-189B1B64B8AA}
	EndGlobalSection
EndGlobal
